// !$*UTF8*$!
{
	archiveVersion = 1;
	classes = {
	};
	objectVersion = 56;
	objects = {

/* Begin PBXBuildFile section */
		A100000000000000000000A1 /* OpenE2eeTunnelProvider.swift in Sources */ = {isa = PBXBuildFile; fileRef = A100000000000000000000B1 /* OpenE2eeTunnelProvider.swift */; };
		A100000000000000000000A2 /* OpenE2eeTunnelProvider.appex in Embed App Extensions */ = {isa = PBXBuildFile; fileRef = A100000000000000000000C1 /* OpenE2eeTunnelProvider.appex */; settings = {ATTRIBUTES = (RemoveHeadersOnCopy, ); }; };
		A100000000000000000000A3 /* AppDelegate.swift in Sources */ = {isa = PBXBuildFile; fileRef = A100000000000000000000B2 /* AppDelegate.swift */; };
		A100000000000000000000A4 /* Runner.entitlements in Sources */ = {isa = PBXBuildFile; fileRef = A100000000000000000000B3 /* Runner.entitlements */; };
		A100000000000000000000A5 /* OpenE2eeTunnelProvider.entitlements in Sources */ = {isa = PBXBuildFile; fileRef = A100000000000000000000B4 /* OpenE2eeTunnelProvider.entitlements */; };
		A100000000000000000000AE /* OpenE2eeTunnelProviderTests.swift in Sources */ = {isa = PBXBuildFile; fileRef = A100000000000000000000B7 /* OpenE2eeTunnelProviderTests.swift */; };
/* End PBXBuildFile section */

/* Begin PBXContainerItemProxy section */
		A100000000000000000000D1 /* PBXContainerItemProxy */ = {
			isa = PBXContainerItemProxy;
			containerPortal = A100000000000000000000E1 /* Project object */;
			proxyType = 1;
			remoteGlobalIDString = A100000000000000000000F2;
			remoteInfo = OpenE2eeTunnelProvider;
		};
		A100000000000000000000D2 /* PBXContainerItemProxy */ = {
			isa = PBXContainerItemProxy;
			containerPortal = A100000000000000000000E1 /* Project object */;
			proxyType = 1;
			remoteGlobalIDString = A100000000000000000000F7;
			remoteInfo = RunnerTests;
		};
		A100000000000000000000D3 /* PBXContainerItemProxy */ = {
			isa = PBXContainerItemProxy;
			containerPortal = A100000000000000000000E1 /* Project object */;
			proxyType = 1;
			remoteGlobalIDString = A100000000000000000000F2;
			remoteInfo = OpenE2eeTunnelProvider;
		};
		A100000000000000000000D4 /* PBXContainerItemProxy */ = {
			isa = PBXContainerItemProxy;
			containerPortal = A100000000000000000000E1 /* Project object */;
			proxyType = 2;
			remoteGlobalIDString = A100000000000000000000F1;
			remoteInfo = Runner;
		};
/* End PBXContainerItemProxy section */

/* Begin PBXCopyFilesBuildPhase section */
		A100000000000000000000A6 /* Embed App Extensions */ = {
			isa = PBXCopyFilesBuildPhase;
			buildActionMask = 2147483647;
			dstPath = "";
			dstSubfolderSpec = 13;
			files = (
				A100000000000000000000A2 /* OpenE2eeTunnelProvider.appex in Embed App Extensions */,
			);
			name = "Embed App Extensions";
			runOnlyForDeploymentPostprocessing = 0;
		};
/* End PBXCopyFilesBuildPhase section */

/* Begin PBXFileReference section */
		A100000000000000000000B1 /* OpenE2eeTunnelProvider.swift */ = {isa = PBXFileReference; fileEncoding = 4; lastKnownFileType = sourcecode.swift; path = OpenE2eeTunnelProvider.swift; sourceTree = "<group>"; };
		A100000000000000000000B2 /* AppDelegate.swift */ = {isa = PBXFileReference; fileEncoding = 4; lastKnownFileType = sourcecode.swift; path = AppDelegate.swift; sourceTree = "<group>"; };
		A100000000000000000000B3 /* Runner.entitlements */ = {isa = PBXFileReference; lastKnownFileType = text.plist.entitlements; path = Runner.entitlements; sourceTree = "<group>"; };
		A100000000000000000000B4 /* OpenE2eeTunnelProvider.entitlements */ = {isa = PBXFileReference; lastKnownFileType = text.plist.entitlements; path = OpenE2eeTunnelProvider.entitlements; sourceTree = "<group>"; };
		A100000000000000000000B5 /* Info.plist */ = {isa = PBXFileReference; lastKnownFileType = text.plist; path = Info.plist; sourceTree = "<group>"; };
		A100000000000000000000B6 /* Info.plist */ = {isa = PBXFileReference; lastKnownFileType = text.plist; path = Info.plist; sourceTree = "<group>"; };
		A100000000000000000000B7 /* OpenE2eeTunnelProviderTests.swift */ = {isa = PBXFileReference; fileEncoding = 4; lastKnownFileType = sourcecode.swift; path = OpenE2eeTunnelProviderTests.swift; sourceTree = "<group>"; };
		A100000000000000000000B8 /* Local.xcconfig */ = {isa = PBXFileReference; lastKnownFileType = text.xcconfig; name = Local.xcconfig; path = Config/Local.xcconfig; sourceTree = "<group>"; };
		A100000000000000000000BD /* Production.xcconfig */ = {isa = PBXFileReference; lastKnownFileType = text.xcconfig; name = Production.xcconfig; path = Config/Production.xcconfig; sourceTree = "<group>"; };
		A100000000000000000000C1 /* OpenE2eeTunnelProvider.appex */ = {isa = PBXFileReference; explicitFileType = "wrapper.app-extension"; includeInIndex = 0; path = OpenE2eeTunnelProvider.appex; sourceTree = BUILT_PRODUCTS_DIR; };
		A100000000000000000000C2 /* Runner.app */ = {isa = PBXFileReference; explicitFileType = wrapper.application; includeInIndex = 0; path = Runner.app; sourceTree = BUILT_PRODUCTS_DIR; };
		A100000000000000000000C3 /* RunnerTests.xctest */ = {isa = PBXFileReference; explicitFileType = wrapper.cfbundle; includeInIndex = 0; path = RunnerTests.xctest; sourceTree = BUILT_PRODUCTS_DIR; };
/* End PBXFileReference section */

/* Begin PBXFrameworksBuildPhase section */
		A100000000000000000000A7 /* Frameworks */ = {
			isa = PBXFrameworksBuildPhase;
			buildActionMask = 2147483647;
			files = (
			);
			runOnlyForDeploymentPostprocessing = 0;
		};
		A100000000000000000000A8 /* Frameworks */ = {
			isa = PBXFrameworksBuildPhase;
			buildActionMask = 2147483647;
			files = (
			);
			runOnlyForDeploymentPostprocessing = 0;
		};
		A100000000000000000000B0 /* Frameworks */ = {
			isa = PBXFrameworksBuildPhase;
			buildActionMask = 2147483647;
			files = (
			);
			runOnlyForDeploymentPostprocessing = 0;
		};
/* End PBXFrameworksBuildPhase section */

/* Begin PBXGroup section */
		A100000000000000000000G1 = {
			isa = PBXGroup;
			children = (
				A100000000000000000000G2 /* Runner */,
				A100000000000000000000G3 /* NetworkExtension */,
				A100000000000000000000G5 /* RunnerTests */,
				A100000000000000000000B8 /* Local.xcconfig */,
				A100000000000000000000BD /* Production.xcconfig */,
				A100000000000000000000G4 /* Products */,
			);
			sourceTree = "<group>";
		};
		A100000000000000000000G2 /* Runner */ = {
			isa = PBXGroup;
			children = (
				A100000000000000000000B2 /* AppDelegate.swift */,
				A100000000000000000000B3 /* Runner.entitlements */,
				A100000000000000000000B5 /* Info.plist */,
			);
			path = Runner;
			sourceTree = "<group>";
		};
		A100000000000000000000G3 /* NetworkExtension */ = {
			isa = PBXGroup;
			children = (
				A100000000000000000000B1 /* OpenE2eeTunnelProvider.swift */,
				A100000000000000000000B4 /* OpenE2eeTunnelProvider.entitlements */,
				A100000000000000000000B6 /* Info.plist */,
			);
			path = NetworkExtension;
			sourceTree = "<group>";
		};
		A100000000000000000000G4 /* Products */ = {
			isa = PBXGroup;
			children = (
				A100000000000000000000C2 /* Runner.app */,
				A100000000000000000000C1 /* OpenE2eeTunnelProvider.appex */,
				A100000000000000000000C3 /* RunnerTests.xctest */,
			);
			name = Products;
			sourceTree = "<group>";
		};
		A100000000000000000000G5 /* RunnerTests */ = {
			isa = PBXGroup;
			children = (
				A100000000000000000000B7 /* OpenE2eeTunnelProviderTests.swift */,
			);
			path = RunnerTests;
			sourceTree = "<group>";
		};
/* End PBXGroup section */

/* Begin PBXNativeTarget section */
		A100000000000000000000F1 /* Runner */ = {
			isa = PBXNativeTarget;
			buildConfigurationList = A100000000000000000000F3 /* Build configuration list for PBXNativeTarget "Runner" */;
			buildPhases = (
				A100000000000000000000A9 /* Sources */,
				A100000000000000000000A7 /* Frameworks */,
				A100000000000000000000AA /* Resources */,
				A100000000000000000000A6 /* Embed App Extensions */,
			);
			buildRules = (
			);
			dependencies = (
				A100000000000000000000AB /* PBXTargetDependency */,
				A100000000000000000000BA /* PBXTargetDependency */,
			);
			name = Runner;
			productName = Runner;
			productReference = A100000000000000000000C2 /* Runner.app */;
			productType = "com.apple.product-type.application";
		};
		A100000000000000000000F2 /* OpenE2eeTunnelProvider */ = {
			isa = PBXNativeTarget;
			buildConfigurationList = A100000000000000000000F4 /* Build configuration list for PBXNativeTarget "OpenE2eeTunnelProvider" */;
			buildPhases = (
				A100000000000000000000AC /* Sources */,
				A100000000000000000000A8 /* Frameworks */,
				A100000000000000000000AD /* Resources */,
			);
			buildRules = (
			);
			dependencies = (
			);
			name = OpenE2eeTunnelProvider;
			productName = OpenE2eeTunnelProvider;
			productReference = A100000000000000000000C1 /* OpenE2eeTunnelProvider.appex */;
			productType = "com.apple.product-type.app-extension";
		};
		A100000000000000000000F7 /* RunnerTests */ = {
			isa = PBXNativeTarget;
			buildConfigurationList = A100000000000000000000F6 /* Build configuration list for PBXNativeTarget "RunnerTests" */;
			buildPhases = (
				A100000000000000000000AF /* Sources */,
				A100000000000000000000B0 /* Frameworks */,
				A100000000000000000000B9 /* Resources */,
			);
			buildRules = (
			);
			dependencies = (
				A100000000000000000000BB /* PBXTargetDependency */,
				A100000000000000000000BC /* PBXTargetDependency */,
			);
			name = RunnerTests;
			productName = RunnerTests;
			productReference = A100000000000000000000C3 /* RunnerTests.xctest */;
			productType = "com.apple.product-type.bundle.unit-test";
		};
/* End PBXNativeTarget section */

/* Begin PBXProject section */
		A100000000000000000000E1 /* Project object */ = {
			isa = PBXProject;
			attributes = {
				LastSwiftUpdateCheck = 1500;
				LastUpgradeCheck = 1500;
				ORGANIZATIONNAME = opene2ee;
				TargetAttributes = {
					A100000000000000000000F1 = {
						CreatedOnToolsVersion = 15.0;
					};
					A100000000000000000000F2 = {
						CreatedOnToolsVersion = 15.0;
					};
					A100000000000000000000F7 = {
						CreatedOnToolsVersion = 15.0;
						TestTargetID = A100000000000000000000F1;
					};
				};
			};
			buildConfigurationList = A100000000000000000000F5 /* Build configuration list for PBXProject "Runner" */;
			compatibilityVersion = "Xcode 14.0";
			developmentRegion = en;
			hasScannedForEncodings = 0;
			knownRegions = (
				en,
				Base,
			);
			mainGroup = A100000000000000000000G1;
			productRefGroup = A100000000000000000000G4 /* Products */;
			projectDirPath = "";
			projectRoot = "";
			targets = (
				A100000000000000000000F1 /* Runner */,
				A100000000000000000000F2 /* OpenE2eeTunnelProvider */,
				A100000000000000000000F7 /* RunnerTests */,
			);
		};
/* End PBXProject section */

/* Begin PBXResourcesBuildPhase section */
		A100000000000000000000AA /* Resources */ = {
			isa = PBXResourcesBuildPhase;
			buildActionMask = 2147483647;
			files = (
			);
			runOnlyForDeploymentPostprocessing = 0;
		};
		A100000000000000000000AD /* Resources */ = {
			isa = PBXResourcesBuildPhase;
			buildActionMask = 2147483647;
			files = (
			);
			runOnlyForDeploymentPostprocessing = 0;
		};
		A100000000000000000000B9 /* Resources */ = {
			isa = PBXResourcesBuildPhase;
			buildActionMask = 2147483647;
			files = (
			);
			runOnlyForDeploymentPostprocessing = 0;
		};
/* End PBXResourcesBuildPhase section */

/* Begin PBXSourcesBuildPhase section */
		A100000000000000000000A9 /* Sources */ = {
			isa = PBXSourcesBuildPhase;
			buildActionMask = 2147483647;
			files = (
				A100000000000000000000A3 /* AppDelegate.swift in Sources */,
				A100000000000000000000A4 /* Runner.entitlements in Sources */,
			);
			runOnlyForDeploymentPostprocessing = 0;
		};
		A100000000000000000000AC /* Sources */ = {
			isa = PBXSourcesBuildPhase;
			buildActionMask = 2147483647;
			files = (
				A100000000000000000000A1 /* OpenE2eeTunnelProvider.swift in Sources */,
				A100000000000000000000A5 /* OpenE2eeTunnelProvider.entitlements in Sources */,
			);
			runOnlyForDeploymentPostprocessing = 0;
		};
		A100000000000000000000AF /* Sources */ = {
			isa = PBXSourcesBuildPhase;
			buildActionMask = 2147483647;
			files = (
				A100000000000000000000AE /* OpenE2eeTunnelProviderTests.swift in Sources */,
			);
			runOnlyForDeploymentPostprocessing = 0;
		};
/* End PBXSourcesBuildPhase section */

/* Begin PBXTargetDependency section */
		A100000000000000000000AB /* PBXTargetDependency */ = {
			isa = PBXTargetDependency;
			target = A100000000000000000000F2 /* OpenE2eeTunnelProvider */;
			targetProxy = A100000000000000000000D1 /* PBXContainerItemProxy */;
		};
		A100000000000000000000BA /* PBXTargetDependency */ = {
			isa = PBXTargetDependency;
			target = A100000000000000000000F7 /* RunnerTests */;
			targetProxy = A100000000000000000000D2 /* PBXContainerItemProxy */;
		};
		A100000000000000000000BB /* PBXTargetDependency */ = {
			isa = PBXTargetDependency;
			target = A100000000000000000000F1 /* Runner */;
			targetProxy = A100000000000000000000D4 /* PBXContainerItemProxy */;
		};
		A100000000000000000000BC /* PBXTargetDependency */ = {
			isa = PBXTargetDependency;
			target = A100000000000000000000F2 /* OpenE2eeTunnelProvider */;
			targetProxy = A100000000000000000000D3 /* PBXContainerItemProxy */;
		};
/* End PBXTargetDependency section */

/* Begin XCBuildConfiguration section */
		A100000000000000000000H1 /* Debug */ = {
			isa = XCBuildConfiguration;
			buildSettings = {
				ALWAYS_SEARCH_USER_PATHS = NO;
				CLANG_ANALYZER_NONNULL = YES;
				CLANG_ANALYZER_NUMBER_OBJECT_CONVERSION = YES_AGGRESSIVE;
				CLANG_CXX_LANGUAGE_STANDARD = "gnu++17";
				CLANG_ENABLE_MODULES = YES;
				CLANG_ENABLE_OBJC_ARC = YES;
				CLANG_ENABLE_OBJC_WEAK = YES;
				CLANG_WARN_BLOCK_CAPTURE_AUTORELEASING = YES;
				CLANG_WARN_BOOL_CONVERSION = YES;
				CLANG_WARN_COMMA = YES;
				CLANG_WARN_CONSTANT_CONVERSION = YES;
				CLANG_WARN_DEPRECATED_OBJC_IMPLEMENTATIONS = YES;
				CLANG_WARN_DIRECT_OBJC_ISA_USAGE = YES_ERROR;
				CLANG_WARN_DOCUMENTATION_COMMENTS = YES;
				CLANG_WARN_EMPTY_BODY = YES;
				CLANG_WARN_ENUM_CONVERSION = YES;
				CLANG_WARN_INFINITE_RECURSION = YES;
				CLANG_WARN_INT_CONVERSION = YES;
				CLANG_WARN_NON_LITERAL_NULL_CONVERSION = YES;
				CLANG_WARN_OBJC_IMPLICIT_RETAIN_SELF = YES;
				CLANG_WARN_OBJC_LITERAL_CONVERSION = YES;
				CLANG_WARN_OBJC_ROOT_CLASS = YES_ERROR;
				CLANG_WARN_QUOTED_INCLUDE_IN_FRAMEWORK_HEADER = YES;
				CLANG_WARN_RANGE_LOOP_ANALYSIS = YES;
				CLANG_WARN_STRICT_PROTOTYPES = YES;
				CLANG_WARN_SUSPICIOUS_MOVE = YES;
				CLANG_WARN_UNGUARDED_AVAILABILITY = YES_AGGRESSIVE;
				CLANG_WARN_UNREACHABLE_CODE = YES;
				CLANG_WARN__DUPLICATE_METHOD_MATCH = YES;
				COPY_PHASE_STRIP = NO;
				DEBUG_INFORMATION_FORMAT = dwarf;
				ENABLE_STRICT_OBJC_MSGSEND = YES;
				ENABLE_TESTABILITY = YES;
				GCC_C_LANGUAGE_STANDARD = gnu11;
				GCC_DYNAMIC_NO_PIC = NO;
				GCC_NO_COMMON_BLOCKS = YES;
				GCC_OPTIMIZATION_LEVEL = 0;
				GCC_PREPROCESSOR_DEFINITIONS = (
					"DEBUG=1",
					"$(inherited)",
				);
				GCC_WARN_64_TO_32_BIT_CONVERSION = YES;
				GCC_WARN_ABOUT_RETURN_TYPE = YES_ERROR;
				GCC_WARN_UNDECLARED_SELECTOR = YES;
				GCC_WARN_UNINITIALIZED_AUTOS = YES_AGGRESSIVE;
				GCC_WARN_UNUSED_FUNCTION = YES;
				GCC_WARN_UNUSED_VARIABLE = YES;
				IPHONEOS_DEPLOYMENT_TARGET = 15.0;
				MTL_ENABLE_DEBUG_INFO = INCLUDE_SOURCE;
				MTL_FAST_MATH = YES;
				ONLY_ACTIVE_ARCH = YES;
				SDKROOT = iphoneos;
				SWIFT_ACTIVE_COMPILATION_CONDITIONS = DEBUG;
				SWIFT_OPTIMIZATION_LEVEL = "-Onone";
				TARGETED_DEVICE_FAMILY = "1,2";
			};
			name = Debug;
		};
		A100000000000000000000H2 /* Release */ = {
			isa = XCBuildConfiguration;
			buildSettings = {
				ALWAYS_SEARCH_USER_PATHS = NO;
				CLANG_ANALYZER_NONNULL = YES;
				CLANG_ANALYZER_NUMBER_OBJECT_CONVERSION = YES_AGGRESSIVE;
				CLANG_CXX_LANGUAGE_STANDARD = "gnu++17";
				CLANG_ENABLE_MODULES = YES;
				CLANG_ENABLE_OBJC_ARC = YES;
				CLANG_ENABLE_OBJC_WEAK = YES;
				CLANG_WARN_BLOCK_CAPTURE_AUTORELEASING = YES;
				CLANG_WARN_BOOL_CONVERSION = YES;
				CLANG_WARN_COMMA = YES;
				CLANG_WARN_CONSTANT_CONVERSION = YES;
				CLANG_WARN_DEPRECATED_OBJC_IMPLEMENTATIONS = YES;
				CLANG_WARN_DIRECT_OBJC_ISA_USAGE = YES_ERROR;
				CLANG_WARN_DOCUMENTATION_COMMENTS = YES;
				CLANG_WARN_EMPTY_BODY = YES;
				CLANG_WARN_ENUM_CONVERSION = YES;
				CLANG_WARN_INFINITE_RECURSION = YES;
				CLANG_WARN_INT_CONVERSION = YES;
				CLANG_WARN_NON_LITERAL_NULL_CONVERSION = YES;
				CLANG_WARN_OBJC_IMPLICIT_RETAIN_SELF = YES;
				CLANG_WARN_OBJC_LITERAL_CONVERSION = YES;
				CLANG_WARN_OBJC_ROOT_CLASS = YES_ERROR;
				CLANG_WARN_QUOTED_INCLUDE_IN_FRAMEWORK_HEADER = YES;
				CLANG_WARN_RANGE_LOOP_ANALYSIS = YES;
				CLANG_WARN_STRICT_PROTOTYPES = YES;
				CLANG_WARN_SUSPICIOUS_MOVE = YES;
				CLANG_WARN_UNGUARDED_AVAILABILITY = YES_AGGRESSIVE;
				CLANG_WARN_UNREACHABLE_CODE = YES;
				CLANG_WARN__DUPLICATE_METHOD_MATCH = YES;
				COPY_PHASE_STRIP = NO;
				DEBUG_INFORMATION_FORMAT = "dwarf-with-dsym";
				ENABLE_NS_ASSERTIONS = NO;
				ENABLE_STRICT_OBJC_MSGSEND = YES;
				GCC_C_LANGUAGE_STANDARD = gnu11;
				GCC_NO_COMMON_BLOCKS = YES;
				GCC_WARN_64_TO_32_BIT_CONVERSION = YES;
				GCC_WARN_ABOUT_RETURN_TYPE = YES_ERROR;
				GCC_WARN_UNDECLARED_SELECTOR = YES;
				GCC_WARN_UNINITIALIZED_AUTOS = YES_AGGRESSIVE;
				GCC_WARN_UNUSED_FUNCTION = YES;
				GCC_WARN_UNUSED_VARIABLE = YES;
				IPHONEOS_DEPLOYMENT_TARGET = 15.0;
				MTL_ENABLE_DEBUG_INFO = NO;
				MTL_FAST_MATH = YES;
				SDKROOT = iphoneos;
				SWIFT_COMPILATION_MODE = wholemodule;
				TARGETED_DEVICE_FAMILY = "1,2";
				VALIDATE_PRODUCT = YES;
			};
			name = Release;
		};
		A100000000000000000000H3 /* Debug */ = {
			isa = XCBuildConfiguration;
			baseConfigurationReference = A100000000000000000000B8 /* Local.xcconfig */;
			buildSettings = {
				CODE_SIGN_ENTITLEMENTS = Runner/Runner.entitlements;
				CODE_SIGN_STYLE = Automatic;
				CURRENT_PROJECT_VERSION = "$(FLUTTER_BUILD_NUMBER)";
				DEVELOPMENT_TEAM = "$(TEAMS_IDENTIFIER)";
				ENABLE_BITCODE = NO;
				INFOPLIST_FILE = Runner/Info.plist;
				LD_RUNPATH_SEARCH_PATHS = (
					"$(inherited)",
					"@executable_path/Frameworks",
				);
				PRODUCT_BUNDLE_IDENTIFIER = com.opene2ee.opene2ee;
				PRODUCT_NAME = "$(TARGET_NAME)";
				SWIFT_EMIT_LOC_STRINGS = YES;
				SWIFT_VERSION = 5.0;
				VERSIONING_SYSTEM = "apple-generic";
			};
			name = Debug;
		};
		A100000000000000000000H4 /* Release */ = {
			isa = XCBuildConfiguration;
			baseConfigurationReference = A100000000000000000000BD /* Production.xcconfig */;
			buildSettings = {
				CODE_SIGN_ENTITLEMENTS = Runner/Runner.entitlements;
				CODE_SIGN_STYLE = Automatic;
				CURRENT_PROJECT_VERSION = "$(FLUTTER_BUILD_NUMBER)";
				DEVELOPMENT_TEAM = "$(TEAMS_IDENTIFIER)";
				ENABLE_BITCODE = NO;
				INFOPLIST_FILE = Runner/Info.plist;
				LD_RUNPATH_SEARCH_PATHS = (
					"$(inherited)",
					"@executable_path/Frameworks",
				);
				PRODUCT_BUNDLE_IDENTIFIER = com.opene2ee.opene2ee;
				PRODUCT_NAME = "$(TARGET_NAME)";
				SWIFT_EMIT_LOC_STRINGS = YES;
				SWIFT_VERSION = 5.0;
				VERSIONING_SYSTEM = "apple-generic";
			};
			name = Release;
		};
		A100000000000000000000H5 /* Debug */ = {
			isa = XCBuildConfiguration;
			baseConfigurationReference = A100000000000000000000B8 /* Local.xcconfig */;
			buildSettings = {
				APPLICATION_EXTENSION_API_ONLY = YES;
				CODE_SIGN_ENTITLEMENTS = NetworkExtension/OpenE2eeTunnelProvider.entitlements;
				CODE_SIGN_STYLE = Automatic;
				CURRENT_PROJECT_VERSION = "$(FLUTTER_BUILD_NUMBER)";
				DEVELOPMENT_TEAM = "$(TEAMS_IDENTIFIER)";
				ENABLE_BITCODE = NO;
				INFOPLIST_FILE = NetworkExtension/Info.plist;
				LD_RUNPATH_SEARCH_PATHS = (
					"$(inherited)",
					"@executable_path/Frameworks",
					"@executable_path/../../Frameworks",
				);
				PRODUCT_BUNDLE_IDENTIFIER = com.opene2ee.opene2ee.tunnel;
				PRODUCT_NAME = "$(TARGET_NAME)";
				SKIP_INSTALL = YES;
				SWIFT_EMIT_LOC_STRINGS = YES;
				SWIFT_VERSION = 5.0;
				VERSIONING_SYSTEM = "apple-generic";
			};
			name = Debug;
		};
		A100000000000000000000H6 /* Release */ = {
			isa = XCBuildConfiguration;
			baseConfigurationReference = A100000000000000000000BD /* Production.xcconfig */;
			buildSettings = {
				APPLICATION_EXTENSION_API_ONLY = YES;
				CODE_SIGN_ENTITLEMENTS = NetworkExtension/OpenE2eeTunnelProvider.entitlements;
				CODE_SIGN_STYLE = Automatic;
				CURRENT_PROJECT_VERSION = "$(FLUTTER_BUILD_NUMBER)";
				DEVELOPMENT_TEAM = "$(TEAMS_IDENTIFIER)";
				ENABLE_BITCODE = NO;
				INFOPLIST_FILE = NetworkExtension/Info.plist;
				LD_RUNPATH_SEARCH_PATHS = (
					"$(inherited)",
					"@executable_path/Frameworks",
					"@executable_path/../../Frameworks",
				);
				PRODUCT_BUNDLE_IDENTIFIER = com.opene2ee.opene2ee.tunnel;
				PRODUCT_NAME = "$(TARGET_NAME)";
				SKIP_INSTALL = YES;
				SWIFT_EMIT_LOC_STRINGS = YES;
				SWIFT_VERSION = 5.0;
				VERSIONING_SYSTEM = "apple-generic";
			};
			name = Release;
		};
		A100000000000000000000H7 /* Debug */ = {
			isa = XCBuildConfiguration;
			baseConfigurationReference = A100000000000000000000B8 /* Local.xcconfig */;
			buildSettings = {
				ALWAYS_EMBED_SWIFT_STANDARD_LIBRARIES = YES;
				BUNDLE_LOADER = "$(TEST_HOST)";
				CODE_SIGN_STYLE = Automatic;
				CURRENT_PROJECT_VERSION = "$(FLUTTER_BUILD_NUMBER)";
				DEVELOPMENT_TEAM = "$(TEAMS_IDENTIFIER)";
				GENERATE_INFOPLIST_FILE = YES;
				IPHONEOS_DEPLOYMENT_TARGET = 15.0;
				LD_RUNPATH_SEARCH_PATHS = (
					"$(inherited)",
					"@executable_path/Frameworks",
					"@loader_path/Frameworks",
				);
				PRODUCT_BUNDLE_IDENTIFIER = com.opene2ee.opene2ee.RunnerTests;
				PRODUCT_NAME = "$(TARGET_NAME)";
				SWIFT_EMIT_LOC_STRINGS = NO;
				SWIFT_VERSION = 5.0;
				TEST_HOST = "$(BUILT_PRODUCTS_DIR)/Runner.app/$(BUNDLE_EXECUTABLE_FOLDER_PATH)/Runner";
				VERSIONING_SYSTEM = "apple-generic";
			};
			name = Debug;
		};
		A100000000000000000000H8 /* Release */ = {
			isa = XCBuildConfiguration;
			baseConfigurationReference = A100000000000000000000B8 /* Local.xcconfig */;
			buildSettings = {
				ALWAYS_EMBED_SWIFT_STANDARD_LIBRARIES = YES;
				BUNDLE_LOADER = "$(TEST_HOST)";
				CODE_SIGN_STYLE = Automatic;
				CURRENT_PROJECT_VERSION = "$(FLUTTER_BUILD_NUMBER)";
				DEVELOPMENT_TEAM = "$(TEAMS_IDENTIFIER)";
				GENERATE_INFOPLIST_FILE = YES;
				IPHONEOS_DEPLOYMENT_TARGET = 15.0;
				LD_RUNPATH_SEARCH_PATHS = (
					"$(inherited)",
					"@executable_path/Frameworks",
					"@loader_path/Frameworks",
				);
				PRODUCT_BUNDLE_IDENTIFIER = com.opene2ee.opene2ee.RunnerTests;
				PRODUCT_NAME = "$(TARGET_NAME)";
				SWIFT_EMIT_LOC_STRINGS = NO;
				SWIFT_VERSION = 5.0;
				TEST_HOST = "$(BUILT_PRODUCTS_DIR)/Runner.app/$(BUNDLE_EXECUTABLE_FOLDER_PATH)/Runner";
				VERSIONING_SYSTEM = "apple-generic";
			};
			name = Release;
		};
/* End XCBuildConfiguration section */

/* Begin XCConfigurationList section */
		A100000000000000000000F3 /* Build configuration list for PBXNativeTarget "Runner" */ = {
			isa = XCConfigurationList;
			buildConfigurations = (
				A100000000000000000000H3 /* Debug */,
				A100000000000000000000H4 /* Release */,
			);
			defaultConfigurationIsVisible = 0;
			defaultConfigurationName = Release;
		};
		A100000000000000000000F4 /* Build configuration list for PBXNativeTarget "OpenE2eeTunnelProvider" */ = {
			isa = XCConfigurationList;
			buildConfigurations = (
				A100000000000000000000H5 /* Debug */,
				A100000000000000000000H6 /* Release */,
			);
			defaultConfigurationIsVisible = 0;
			defaultConfigurationName = Release;
		};
		A100000000000000000000F5 /* Build configuration list for PBXProject "Runner" */ = {
			isa = XCConfigurationList;
			buildConfigurations = (
				A100000000000000000000H1 /* Debug */,
				A100000000000000000000H2 /* Release */,
			);
			defaultConfigurationIsVisible = 0;
			defaultConfigurationName = Release;
		};
		A100000000000000000000F6 /* Build configuration list for PBXNativeTarget "RunnerTests" */ = {
			isa = XCConfigurationList;
			buildConfigurations = (
				A100000000000000000000H7 /* Debug */,
				A100000000000000000000H8 /* Release */,
			);
			defaultConfigurationIsVisible = 0;
			defaultConfigurationName = Release;
		};
/* End XCConfigurationList section */
	};
	rootObject = A100000000000000000000E1 /* Project object */;
}